# THIS IS AN AUTOGENERATED FILE. DO NOT EDIT THIS FILE DIRECTLY.
# yarn lockfile v1


argparse@^1.0.6:
  version "1.0.10"
  resolved "https://registry.npmjs.org/argparse/-/argparse-1.0.10.tgz"
  integrity sha512-o5Roy6tNG4SL/FOkCAN6RzjiakZS25RLYFrcMttJqbdd8BWrnA+fGz57iN5Pb06pvBGvl5gQ0B48dJlslXvoTg==
  dependencies:
    sprintf-js "~1.0.2"

argparse@^2.0.1:
  version "2.0.1"
  resolved "https://registry.npmjs.org/argparse/-/argparse-2.0.1.tgz#246f50f3ca78a3240f6c997e8a9bd1eac49e4b38"
  integrity sha512-8+9WqebbFzpX9OR+Wa6O29asIogeRMzcGtAINdpMHHyAg10f05aSFVBbcEqGf/PXw1EjAZ+q2/bEBg3DvurK3Q==

cubic2quad@^1.0.0:
  version "1.2.1"
  resolved "https://registry.npmjs.org/cubic2quad/-/cubic2quad-1.2.1.tgz"
  integrity sha512-wT5Y7mO8abrV16gnssKdmIhIbA9wSkeMzhh27jAguKrV82i24wER0vL5TGhUJ9dbJNDcigoRZ0IAHFEEEI4THQ==

lodash@^2.4.1:
  version "2.4.2"
  resolved "https://mirrors.tencent.com/npm/lodash/-/lodash-2.4.2.tgz"
  integrity sha1-+t2DS5aDBz2hebPq5tnA0VBT9z4=

lodash@^3.7.0:
  version "3.10.1"
  resolved "https://mirrors.tencent.com/npm/lodash/-/lodash-3.10.1.tgz"
  integrity sha1-W/Rejkm6QYnhfUgnid/RW9FAt7Y=

lodash@^4.17.10, lodash@^4.17.21:
  version "4.17.21"
  resolved "https://mirrors.tencent.com/npm/lodash/-/lodash-4.17.21.tgz"
  integrity sha512-v2kDEe57lecTulaDIuNTPy3Ry4gLGJ6Z1O3vE1krgXZNrsQ+LFTGHVxVjcXPs17LhbZVGedAJv8XZ1tvj5FvSg==

microbuffer@^1.0.0:
  version "1.0.0"
  resolved "https://mirrors.tencent.com/npm/microbuffer/-/microbuffer-1.0.0.tgz"
  integrity sha1-izgy7UDIfVH0e7I0kTppinVtGdI=

multiline@^2.0.0:
  version "2.0.0"
  resolved "https://mirrors.tencent.com/npm/multiline/-/multiline-2.0.0.tgz"
  integrity sha512-+HpXaUcV8PIGNNmuhtlaVmw4NH0W30/A5WP+rq6pxZYBjDslX/sXkFgL3Mgk1cSGGIICjWu4gNStkJXL6ZM2DQ==
  dependencies:
    strip-indent "^2.0.0"

opentype.js@^1.1.0:
  version "1.3.4"
  resolved "https://mirrors.tencent.com/npm/opentype.js/-/opentype.js-1.3.4.tgz"
  integrity sha512-d2JE9RP/6uagpQAVtJoF0pJJA/fgai89Cc50Yp0EJHk+eLp6QQ7gBoblsnubRULNY132I0J1QKMJ+JTbMqz4sw==
  dependencies:
    string.prototype.codepointat "^0.2.1"
    tiny-inflate "^1.0.3"

pako@^1.0.0:
  version "1.0.11"
  resolved "https://mirrors.tencent.com/npm/pako/-/pako-1.0.11.tgz"
  integrity sha512-4hLB8Py4zZce5s4yd9XzopqwVv/yGNhV1Bl8NTmCq1763HeK2+EwVTv+leGeL13Dnh2wfbqowVPXCIO0z4taYw==

sprintf-js@~1.0.2:
  version "1.0.3"
  resolved "https://mirrors.tencent.com/npm/sprintf-js/-/sprintf-js-1.0.3.tgz"
  integrity sha1-BOaSb2YolTVPPdAVIDYzuFcpfiw=

string.prototype.codepointat@^0.2.1:
  version "0.2.1"
  resolved "https://mirrors.tencent.com/npm/string.prototype.codepointat/-/string.prototype.codepointat-0.2.1.tgz"
  integrity sha512-2cBVCj6I4IOvEnjgO/hWqXjqBGsY+zwPmHl12Srk9IXSZ56Jwwmy+66XO5Iut/oQVR7t5ihYdLB0GMa4alEUcg==

strip-indent@^2.0.0:
  version "2.0.0"
  resolved "https://mirrors.tencent.com/npm/strip-indent/-/strip-indent-2.0.0.tgz"
  integrity sha1-XvjbKV0B5u1sv3qrlpmNeCJSe2g=

svg2ttf@^5.2.0:
  version "5.2.0"
  resolved "https://registry.npmjs.org/svg2ttf/-/svg2ttf-5.2.0.tgz#75c9b8d3c799a91c893ef7bdbfa72d8e00a48a5c"
  integrity sha512-CzxPnSm2/CrMnJuKlXVllOx+q9wuarbIMi4Vf14eJoeESRqAOxVZiH0Ias71mhyXYGgz88A4T/E8fN/Y8eXoYA==
  dependencies:
    argparse "^2.0.1"
    cubic2quad "^1.0.0"
    lodash "^4.17.10"
    microbuffer "^1.0.0"
    svgpath "^2.1.5"
    xmldom "~0.5.0"

svg_pathify@^0.0.8:
  version "0.0.8"
  resolved "https://mirrors.tencent.com/npm/svg_pathify/-/svg_pathify-0.0.8.tgz"
  integrity sha512-TJjwt6u5+8M02m5/wXoJjv9L8llS7u+9LkZvkwd+Bm0eY5mobRfFjpY/Zcrl+ar+9EPdEjbqQ3S1GAa4diyb5g==
  dependencies:
    lodash "^3.7.0"
    xmldom "^0.1.19"

svgpath@^2.1.5, svgpath@^2.3.1:
  version "2.5.0"
  resolved "https://registry.npmjs.org/svgpath/-/svgpath-2.5.0.tgz"
  integrity sha512-o/vohwqjUO9nDAh4rcjE3KaW/v//At8UJu2LJMybXidf5QLQLVA4bxH0//4YCsr+1H4Gw1Wi/Jc62ynzSBYidw==

tiny-inflate@^1.0.3:
  version "1.0.3"
  resolved "https://mirrors.tencent.com/npm/tiny-inflate/-/tiny-inflate-1.0.3.tgz"
  integrity sha512-pkY1fj1cKHb2seWDy0B16HeWyczlJA9/WW3u3c4z/NiWDsO3DOU5D7nhTLE9CF0yXv/QZFY7sEJmj24dK+Rrqw==

ttf2eot@^2.0.0:
  version "2.0.0"
  resolved "https://mirrors.tencent.com/npm/ttf2eot/-/ttf2eot-2.0.0.tgz"
  integrity sha1-jmM3pYWr0WCKDISVirSDzmn2ZUs=
  dependencies:
    argparse "^1.0.6"
    microbuffer "^1.0.0"

ttf2svg@0.0.7:
  version "0.0.7"
  resolved "https://mirrors.tencent.com/npm/ttf2svg/-/ttf2svg-0.0.7.tgz"
  integrity sha1-PVqlSQCEG7+j9zZDwqS1c5ktNzY=
  dependencies:
    lodash "^2.4.1"

ttf2woff@^2.0.2:
  version "2.0.2"
  resolved "https://mirrors.tencent.com/npm/ttf2woff/-/ttf2woff-2.0.2.tgz"
  integrity sha512-X68badwBjAy/+itU49scLjXUL094up+rHuYk+YAOTTBYSUMOmLZ7VyhZJuqQESj1gnyLAC2/5V8Euv+mExmyPA==
  dependencies:
    argparse "^1.0.6"
    microbuffer "^1.0.0"
    pako "^1.0.0"

xmldom@^0.1.19, xmldom@^0.1.27:
  version "0.1.31"
  resolved "https://mirrors.tencent.com/npm/xmldom/-/xmldom-0.1.31.tgz"
  integrity sha512-yS2uJflVQs6n+CyjHoaBmVSqIDevTAWrzMmjG1Gc7h1qQ7uVozNhEPJAwZXWyGQ/Gafo3fCwrcaokezLPupVyQ==

xmldom@~0.5.0:
  version "0.5.0"
  resolved "https://registry.npmjs.org/xmldom/-/xmldom-0.5.0.tgz"
  integrity sha512-Foaj5FXVzgn7xFzsKeNIde9g6aFBxTPi37iwsno8QvApmtg7KYrr+OPyRHcJF7dud2a5nGRBXK3n0dL62Gf7PA==

zm-font-carrier@^0.3.1:
  version "0.3.1"
  resolved "https://registry.npmjs.org/zm-font-carrier/-/zm-font-carrier-0.3.1.tgz#9d58c5d4fe176722240c6276d0c4202d390d9c8d"
  integrity sha512-fyxZ4+MjQ++CBSNvdhu7YEm3KNy/M/A3F4lBB69c/mlwrv2UjDMVMOzdsv3ngmPwuo0RQ84xSsYnTA2FU/TL2Q==
  dependencies:
    lodash "^4.17.21"
    multiline "^2.0.0"
    opentype.js "^1.1.0"
    svg2ttf "^5.2.0"
    svg_pathify "^0.0.8"
    svgpath "^2.3.1"
    ttf2eot "^2.0.0"
    ttf2svg "0.0.7"
    ttf2woff "^2.0.2"
    xmldom "^0.1.27"
